
Microsoft Visual Studio Solution File, Format Version 12.00
# Visual Studio 2012
Project("{FAE04EC0-301F-11D3-BF4B-00C04F79EFBC}") = "MetropolitanTrialCourtSystem", "MetropolitanTrialCourtSystem\MetropolitanTrialCourtSystem.csproj", "{97100E53-A4AA-4C98-8740-D6D959F876C8}"
EndProject
Global
	GlobalSection(SolutionConfigurationPlatforms) = preSolution
		Debug|Any CPU = Debug|Any CPU
		Release|Any CPU = Release|Any CPU
	EndGlobalSection
	GlobalSection(ProjectConfigurationPlatforms) = postSolution
		{97100E53-A4AA-4C98-8740-D6D959F876C8}.Debug|Any CPU.ActiveCfg = Debug|Any CPU
		{97100E53-A4AA-4C98-8740-D6D959F876C8}.Debug|Any CPU.Build.0 = Debug|Any CPU
		{97100E53-A4AA-4C98-8740-D6D959F876C8}.Release|Any CPU.ActiveCfg = Release|Any CPU
		{97100E53-A4AA-4C98-8740-D6D959F876C8}.Release|Any CPU.Build.0 = Release|Any CPU
	EndGlobalSection
	GlobalSection(SolutionProperties) = preSolution
		HideSolutionNode = FALSE
	EndGlobalSection
EndGlobal
